# @generated by Move, please check-in and do not edit manually.

[move]
version = 3
manifest_digest = "CE3E66B815EA307409296CD3CFC0CF926F48E5121B6B156E4C96EEA9C65DDF64"
deps_digest = "3C4103934B1E040BB6B23F1D610B4EF9F2F1166A50A104EADCF77467C004C600"
dependencies = [
  { id = "Sui", name = "Sui" },
  { id = "SuiSystem", name = "SuiSystem" },
]

[[move.package]]
id = "MoveStdlib"
source = { git = "https://github.com/MystenLabs/sui.git", rev = "framework/devnet", subdir = "crates/sui-framework/packages/move-stdlib" }

[[move.package]]
id = "Sui"
source = { git = "https://github.com/MystenLabs/sui.git", rev = "framework/devnet", subdir = "crates/sui-framework/packages/sui-framework" }

dependencies = [
  { id = "MoveStdlib", name = "MoveStdlib" },
]

[[move.package]]
id = "SuiSystem"
source = { git = "https://github.com/MystenLabs/sui.git", rev = "framework/devnet", subdir = "crates/sui-framework/packages/sui-system" }

dependencies = [
  { id = "MoveStdlib", name = "MoveStdlib" },
  { id = "Sui", name = "Sui" },
]

[move.toolchain-version]
compiler-version = "1.39.1"
edition = "2024.beta"
flavor = "sui"

[env]

[env.devnet]
chain-id = "5755bca6"
original-published-id = "0x480672f27b74d5c3ee836aff7fa5e608f930fb8e7b005b70c69f9a7e5d54806f"
latest-published-id = "0x480672f27b74d5c3ee836aff7fa5e608f930fb8e7b005b70c69f9a7e5d54806f"
published-version = "1"

[env.testnet]
chain-id = "4c78adac"
original-published-id = "0x886410842685bc23c20b7f3950e67ee286994583978f5e51ec8566bde04c209f"
latest-published-id = "0x886410842685bc23c20b7f3950e67ee286994583978f5e51ec8566bde04c209f"
published-version = "1"
