# @generated by Move, please check-in and do not edit manually.

[move]
version = 3
manifest_digest = "EBF1D3F519728DFDD366F7D806BD236AC3D96033AB5BD9C1EED045D3A0EE4F0B"
deps_digest = "3C4103934B1E040BB6B23F1D610B4EF9F2F1166A50A104EADCF77467C004C600"
dependencies = [
  { id = "Sui", name = "Sui" },
  { id = "SuiSystem", name = "SuiSystem" },
]

[[move.package]]
id = "MoveStdlib"
source = { git = "https://gitee.com/MystenLabs/sui.git", rev = "framework/mainnet", subdir = "crates/sui-framework/packages/move-stdlib" }

[[move.package]]
id = "Sui"
source = { git = "https://gitee.com/MystenLabs/sui.git", rev = "framework/mainnet", subdir = "crates/sui-framework/packages/sui-framework" }

dependencies = [
  { id = "MoveStdlib", name = "MoveStdlib" },
]

[[move.package]]
id = "SuiSystem"
source = { git = "https://gitee.com/MystenLabs/sui.git", rev = "framework/mainnet", subdir = "crates/sui-framework/packages/sui-system" }

dependencies = [
  { id = "MoveStdlib", name = "MoveStdlib" },
  { id = "Sui", name = "Sui" },
]

[move.toolchain-version]
compiler-version = "1.38.0"
edition = "2024.beta"
flavor = "sui"

[env]

[env.devnet]
chain-id = "00c923bb"
original-published-id = "0x20ebc0e38995f52ebfc26acab3eb8395ec9c4ad78157eb35a4710cfb20c115c8"
latest-published-id = "0x20ebc0e38995f52ebfc26acab3eb8395ec9c4ad78157eb35a4710cfb20c115c8"
published-version = "1"
